// !$*UTF8*$!
{
	archiveVersion = 1;
	classes = {
	};
	objectVersion = 77;
	objects = {

/* Begin PBXContainerItemProxy section */
		B4732CA92CB9C7C90039A15F /* PBXContainerItemProxy */ = {
			isa = PBXContainerItemProxy;
			containerPortal = B4732C902CB9C7C80039A15F /* Project object */;
			proxyType = 1;
			remoteGlobalIDString = B4732C972CB9C7C80039A15F;
			remoteInfo = Supermarket;
		};
		B4732CB32CB9C7C90039A15F /* PBXContainerItemProxy */ = {
			isa = PBXContainerItemProxy;
			containerPortal = B4732C902CB9C7C80039A15F /* Project object */;
			proxyType = 1;
			remoteGlobalIDString = B4732C972CB9C7C80039A15F;
			remoteInfo = Supermarket;
		};
/* End PBXContainerItemProxy section */

/* Begin PBXFileReference section */
		B4732C982CB9C7C80039A15F /* Supermarket.app */ = {isa = PBXFileReference; explicitFileType = wrapper.application; includeInIndex = 0; path = Supermarket.app; sourceTree = BUILT_PRODUCTS_DIR; };
		B4732CA82CB9C7C90039A15F /* SupermarketTests.xctest */ = {isa = PBXFileReference; explicitFileType = wrapper.cfbundle; includeInIndex = 0; path = SupermarketTests.xctest; sourceTree = BUILT_PRODUCTS_DIR; };
		B4732CB22CB9C7C90039A15F /* SupermarketUITests.xctest */ = {isa = PBXFileReference; explicitFileType = wrapper.cfbundle; includeInIndex = 0; path = SupermarketUITests.xctest; sourceTree = BUILT_PRODUCTS_DIR; };
/* End PBXFileReference section */

/* Begin PBXFileSystemSynchronizedRootGroup section */
		B4732C9A2CB9C7C80039A15F /* Supermarket */ = {
			isa = PBXFileSystemSynchronizedRootGroup;
			path = Supermarket;
			sourceTree = "<group>";
		};
		B4732CAB2CB9C7C90039A15F /* SupermarketTests */ = {
			isa = PBXFileSystemSynchronizedRootGroup;
			path = SupermarketTests;
			sourceTree = "<group>";
		};
		B4732CB52CB9C7C90039A15F /* SupermarketUITests */ = {
			isa = PBXFileSystemSynchronizedRootGroup;
			path = SupermarketUITests;
			sourceTree = "<group>";
		};
/* End PBXFileSystemSynchronizedRootGroup section */

/* Begin PBXFrameworksBuildPhase section */
		B4732C952CB9C7C80039A15F /* Frameworks */ = {
			isa = PBXFrameworksBuildPhase;
			buildActionMask = 2147483647;
			files = (
			);
			runOnlyForDeploymentPostprocessing = 0;
		};
		B4732CA52CB9C7C90039A15F /* Frameworks */ = {
			isa = PBXFrameworksBuildPhase;
			buildActionMask = 2147483647;
			files = (
			);
			runOnlyForDeploymentPostprocessing = 0;
		};
		B4732CAF2CB9C7C90039A15F /* Frameworks */ = {
			isa = PBXFrameworksBuildPhase;
			buildActionMask = 2147483647;
			files = (
			);
			runOnlyForDeploymentPostprocessing = 0;
		};
/* End PBXFrameworksBuildPhase section */

/* Begin PBXGroup section */
		B4732C8F2CB9C7C80039A15F = {
			isa = PBXGroup;
			children = (
				B4732C9A2CB9C7C80039A15F /* Supermarket */,
				B4732CAB2CB9C7C90039A15F /* SupermarketTests */,
				B4732CB52CB9C7C90039A15F /* SupermarketUITests */,
				B4732C992CB9C7C80039A15F /* Products */,
			);
			sourceTree = "<group>";
		};
		B4732C992CB9C7C80039A15F /* Products */ = {
			isa = PBXGroup;
			children = (
				B4732C982CB9C7C80039A15F /* Supermarket.app */,
				B4732CA82CB9C7C90039A15F /* SupermarketTests.xctest */,
				B4732CB22CB9C7C90039A15F /* SupermarketUITests.xctest */,
			);
			name = Products;
			sourceTree = "<group>";
		};
/* End PBXGroup section */

/* Begin PBXNativeTarget section */
		B4732C972CB9C7C80039A15F /* Supermarket */ = {
			isa = PBXNativeTarget;
			buildConfigurationList = B4732CBC2CB9C7C90039A15F /* Build configuration list for PBXNativeTarget "Supermarket" */;
			buildPhases = (
				B4732C942CB9C7C80039A15F /* Sources */,
				B4732C952CB9C7C80039A15F /* Frameworks */,
				B4732C962CB9C7C80039A15F /* Resources */,
			);
			buildRules = (
			);
			dependencies = (
			);
			fileSystemSynchronizedGroups = (
				B4732C9A2CB9C7C80039A15F /* Supermarket */,
			);
			name = Supermarket;
			packageProductDependencies = (
			);
			productName = Supermarket;
			productReference = B4732C982CB9C7C80039A15F /* Supermarket.app */;
			productType = "com.apple.product-type.application";
		};
		B4732CA72CB9C7C90039A15F /* SupermarketTests */ = {
			isa = PBXNativeTarget;
			buildConfigurationList = B4732CBF2CB9C7C90039A15F /* Build configuration list for PBXNativeTarget "SupermarketTests" */;
			buildPhases = (
				B4732CA42CB9C7C90039A15F /* Sources */,
				B4732CA52CB9C7C90039A15F /* Frameworks */,
				B4732CA62CB9C7C90039A15F /* Resources */,
			);
			buildRules = (
			);
			dependencies = (
				B4732CAA2CB9C7C90039A15F /* PBXTargetDependency */,
			);
			fileSystemSynchronizedGroups = (
				B4732CAB2CB9C7C90039A15F /* SupermarketTests */,
			);
			name = SupermarketTests;
			packageProductDependencies = (
			);
			productName = SupermarketTests;
			productReference = B4732CA82CB9C7C90039A15F /* SupermarketTests.xctest */;
			productType = "com.apple.product-type.bundle.unit-test";
		};
		B4732CB12CB9C7C90039A15F /* SupermarketUITests */ = {
			isa = PBXNativeTarget;
			buildConfigurationList = B4732CC22CB9C7C90039A15F /* Build configuration list for PBXNativeTarget "SupermarketUITests" */;
			buildPhases = (
				B4732CAE2CB9C7C90039A15F /* Sources */,
				B4732CAF2CB9C7C90039A15F /* Frameworks */,
				B4732CB02CB9C7C90039A15F /* Resources */,
			);
			buildRules = (
			);
			dependencies = (
				B4732CB42CB9C7C90039A15F /* PBXTargetDependency */,
			);
			fileSystemSynchronizedGroups = (
				B4732CB52CB9C7C90039A15F /* SupermarketUITests */,
			);
			name = SupermarketUITests;
			packageProductDependencies = (
			);
			productName = SupermarketUITests;
			productReference = B4732CB22CB9C7C90039A15F /* SupermarketUITests.xctest */;
			productType = "com.apple.product-type.bundle.ui-testing";
		};
/* End PBXNativeTarget section */

/* Begin PBXProject section */
		B4732C902CB9C7C80039A15F /* Project object */ = {
			isa = PBXProject;
			attributes = {
				BuildIndependentTargetsInParallel = 1;
				LastSwiftUpdateCheck = 1600;
				LastUpgradeCheck = 1600;
				TargetAttributes = {
					B4732C972CB9C7C80039A15F = {
						CreatedOnToolsVersion = 16.0;
					};
					B4732CA72CB9C7C90039A15F = {
						CreatedOnToolsVersion = 16.0;
						TestTargetID = B4732C972CB9C7C80039A15F;
					};
					B4732CB12CB9C7C90039A15F = {
						CreatedOnToolsVersion = 16.0;
						TestTargetID = B4732C972CB9C7C80039A15F;
					};
				};
			};
			buildConfigurationList = B4732C932CB9C7C80039A15F /* Build configuration list for PBXProject "Supermarket" */;
			developmentRegion = en;
			hasScannedForEncodings = 0;
			knownRegions = (
				en,
				Base,
			);
			mainGroup = B4732C8F2CB9C7C80039A15F;
			minimizedProjectReferenceProxies = 1;
			preferredProjectObjectVersion = 77;
			productRefGroup = B4732C992CB9C7C80039A15F /* Products */;
			projectDirPath = "";
			projectRoot = "";
			targets = (
				B4732C972CB9C7C80039A15F /* Supermarket */,
				B4732CA72CB9C7C90039A15F /* SupermarketTests */,
				B4732CB12CB9C7C90039A15F /* SupermarketUITests */,
			);
		};
/* End PBXProject section */

/* Begin PBXResourcesBuildPhase section */
		B4732C962CB9C7C80039A15F /* Resources */ = {
			isa = PBXResourcesBuildPhase;
			buildActionMask = 2147483647;
			files = (
			);
			runOnlyForDeploymentPostprocessing = 0;
		};
		B4732CA62CB9C7C90039A15F /* Resources */ = {
			isa = PBXResourcesBuildPhase;
			buildActionMask = 2147483647;
			files = (
			);
			runOnlyForDeploymentPostprocessing = 0;
		};
		B4732CB02CB9C7C90039A15F /* Resources */ = {
			isa = PBXResourcesBuildPhase;
			buildActionMask = 2147483647;
			files = (
			);
			runOnlyForDeploymentPostprocessing = 0;
		};
/* End PBXResourcesBuildPhase section */

/* Begin PBXSourcesBuildPhase section */
		B4732C942CB9C7C80039A15F /* Sources */ = {
			isa = PBXSourcesBuildPhase;
			buildActionMask = 2147483647;
			files = (
			);
			runOnlyForDeploymentPostprocessing = 0;
		};
		B4732CA42CB9C7C90039A15F /* Sources */ = {
			isa = PBXSourcesBuildPhase;
			buildActionMask = 2147483647;
			files = (
			);
			runOnlyForDeploymentPostprocessing = 0;
		};
		B4732CAE2CB9C7C90039A15F /* Sources */ = {
			isa = PBXSourcesBuildPhase;
			buildActionMask = 2147483647;
			files = (
			);
			runOnlyForDeploymentPostprocessing = 0;
		};
/* End PBXSourcesBuildPhase section */

/* Begin PBXTargetDependency section */
		B4732CAA2CB9C7C90039A15F /* PBXTargetDependency */ = {
			isa = PBXTargetDependency;
			target = B4732C972CB9C7C80039A15F /* Supermarket */;
			targetProxy = B4732CA92CB9C7C90039A15F /* PBXContainerItemProxy */;
		};
		B4732CB42CB9C7C90039A15F /* PBXTargetDependency */ = {
			isa = PBXTargetDependency;
			target = B4732C972CB9C7C80039A15F /* Supermarket */;
			targetProxy = B4732CB32CB9C7C90039A15F /* PBXContainerItemProxy */;
		};
/* End PBXTargetDependency section */

/* Begin XCBuildConfiguration section */
		B4732CBA2CB9C7C90039A15F /* Debug */ = {
			isa = XCBuildConfiguration;
			buildSettings = {
				ALWAYS_SEARCH_USER_PATHS = NO;
				ASSETCATALOG_COMPILER_GENERATE_SWIFT_ASSET_SYMBOL_EXTENSIONS = YES;
				CLANG_ANALYZER_NONNULL = YES;
				CLANG_ANALYZER_NUMBER_OBJECT_CONVERSION = YES_AGGRESSIVE;
				CLANG_CXX_LANGUAGE_STANDARD = "gnu++20";
				CLANG_ENABLE_MODULES = YES;
				CLANG_ENABLE_OBJC_ARC = YES;
				CLANG_ENABLE_OBJC_WEAK = YES;
				CLANG_WARN_BLOCK_CAPTURE_AUTORELEASING = YES;
				CLANG_WARN_BOOL_CONVERSION = YES;
				CLANG_WARN_COMMA = YES;
				CLANG_WARN_CONSTANT_CONVERSION = YES;
				CLANG_WARN_DEPRECATED_OBJC_IMPLEMENTATIONS = YES;
				CLANG_WARN_DIRECT_OBJC_ISA_USAGE = YES_ERROR;
				CLANG_WARN_DOCUMENTATION_COMMENTS = YES;
				CLANG_WARN_EMPTY_BODY = YES;
				CLANG_WARN_ENUM_CONVERSION = YES;
				CLANG_WARN_INFINITE_RECURSION = YES;
				CLANG_WARN_INT_CONVERSION = YES;
				CLANG_WARN_NON_LITERAL_NULL_CONVERSION = YES;
				CLANG_WARN_OBJC_IMPLICIT_RETAIN_SELF = YES;
				CLANG_WARN_OBJC_LITERAL_CONVERSION = YES;
				CLANG_WARN_OBJC_ROOT_CLASS = YES_ERROR;
				CLANG_WARN_QUOTED_INCLUDE_IN_FRAMEWORK_HEADER = YES;
				CLANG_WARN_RANGE_LOOP_ANALYSIS = YES;
				CLANG_WARN_STRICT_PROTOTYPES = YES;
				CLANG_WARN_SUSPICIOUS_MOVE = YES;
				CLANG_WARN_UNGUARDED_AVAILABILITY = YES_AGGRESSIVE;
				CLANG_WARN_UNREACHABLE_CODE = YES;
				CLANG_WARN__DUPLICATE_METHOD_MATCH = YES;
				COPY_PHASE_STRIP = NO;
				DEBUG_INFORMATION_FORMAT = dwarf;
				ENABLE_STRICT_OBJC_MSGSEND = YES;
				ENABLE_TESTABILITY = YES;
				ENABLE_USER_SCRIPT_SANDBOXING = YES;
				GCC_C_LANGUAGE_STANDARD = gnu17;
				GCC_DYNAMIC_NO_PIC = NO;
				GCC_NO_COMMON_BLOCKS = YES;
				GCC_OPTIMIZATION_LEVEL = 0;
				GCC_PREPROCESSOR_DEFINITIONS = (
					"DEBUG=1",
					"$(inherited)",
				);
				GCC_WARN_64_TO_32_BIT_CONVERSION = YES;
				GCC_WARN_ABOUT_RETURN_TYPE = YES_ERROR;
				GCC_WARN_UNDECLARED_SELECTOR = YES;
				GCC_WARN_UNINITIALIZED_AUTOS = YES_AGGRESSIVE;
				GCC_WARN_UNUSED_FUNCTION = YES;
				GCC_WARN_UNUSED_VARIABLE = YES;
				IPHONEOS_DEPLOYMENT_TARGET = 18.0;
				LOCALIZATION_PREFERS_STRING_CATALOGS = YES;
				MTL_ENABLE_DEBUG_INFO = INCLUDE_SOURCE;
				MTL_FAST_MATH = YES;
				ONLY_ACTIVE_ARCH = YES;
				SDKROOT = iphoneos;
				SWIFT_ACTIVE_COMPILATION_CONDITIONS = "DEBUG $(inherited)";
				SWIFT_OPTIMIZATION_LEVEL = "-Onone";
			};
			name = Debug;
		};
		B4732CBB2CB9C7C90039A15F /* Release */ = {
			isa = XCBuildConfiguration;
			buildSettings = {
				ALWAYS_SEARCH_USER_PATHS = NO;
				ASSETCATALOG_COMPILER_GENERATE_SWIFT_ASSET_SYMBOL_EXTENSIONS = YES;
				CLANG_ANALYZER_NONNULL = YES;
				CLANG_ANALYZER_NUMBER_OBJECT_CONVERSION = YES_AGGRESSIVE;
				CLANG_CXX_LANGUAGE_STANDARD = "gnu++20";
				CLANG_ENABLE_MODULES = YES;
				CLANG_ENABLE_OBJC_ARC = YES;
				CLANG_ENABLE_OBJC_WEAK = YES;
				CLANG_WARN_BLOCK_CAPTURE_AUTORELEASING = YES;
				CLANG_WARN_BOOL_CONVERSION = YES;
				CLANG_WARN_COMMA = YES;
				CLANG_WARN_CONSTANT_CONVERSION = YES;
				CLANG_WARN_DEPRECATED_OBJC_IMPLEMENTATIONS = YES;
				CLANG_WARN_DIRECT_OBJC_ISA_USAGE = YES_ERROR;
				CLANG_WARN_DOCUMENTATION_COMMENTS = YES;
				CLANG_WARN_EMPTY_BODY = YES;
				CLANG_WARN_ENUM_CONVERSION = YES;
				CLANG_WARN_INFINITE_RECURSION = YES;
				CLANG_WARN_INT_CONVERSION = YES;
				CLANG_WARN_NON_LITERAL_NULL_CONVERSION = YES;
				CLANG_WARN_OBJC_IMPLICIT_RETAIN_SELF = YES;
				CLANG_WARN_OBJC_LITERAL_CONVERSION = YES;
				CLANG_WARN_OBJC_ROOT_CLASS = YES_ERROR;
				CLANG_WARN_QUOTED_INCLUDE_IN_FRAMEWORK_HEADER = YES;
				CLANG_WARN_RANGE_LOOP_ANALYSIS = YES;
				CLANG_WARN_STRICT_PROTOTYPES = YES;
				CLANG_WARN_SUSPICIOUS_MOVE = YES;
				CLANG_WARN_UNGUARDED_AVAILABILITY = YES_AGGRESSIVE;
				CLANG_WARN_UNREACHABLE_CODE = YES;
				CLANG_WARN__DUPLICATE_METHOD_MATCH = YES;
				COPY_PHASE_STRIP = NO;
				DEBUG_INFORMATION_FORMAT = "dwarf-with-dsym";
				ENABLE_NS_ASSERTIONS = NO;
				ENABLE_STRICT_OBJC_MSGSEND = YES;
				ENABLE_USER_SCRIPT_SANDBOXING = YES;
				GCC_C_LANGUAGE_STANDARD = gnu17;
				GCC_NO_COMMON_BLOCKS = YES;
				GCC_WARN_64_TO_32_BIT_CONVERSION = YES;
				GCC_WARN_ABOUT_RETURN_TYPE = YES_ERROR;
				GCC_WARN_UNDECLARED_SELECTOR = YES;
				GCC_WARN_UNINITIALIZED_AUTOS = YES_AGGRESSIVE;
				GCC_WARN_UNUSED_FUNCTION = YES;
				GCC_WARN_UNUSED_VARIABLE = YES;
				IPHONEOS_DEPLOYMENT_TARGET = 18.0;
				LOCALIZATION_PREFERS_STRING_CATALOGS = YES;
				MTL_ENABLE_DEBUG_INFO = NO;
				MTL_FAST_MATH = YES;
				SDKROOT = iphoneos;
				SWIFT_COMPILATION_MODE = wholemodule;
				VALIDATE_PRODUCT = YES;
			};
			name = Release;
		};
		B4732CBD2CB9C7C90039A15F /* Debug */ = {
			isa = XCBuildConfiguration;
			buildSettings = {
				ASSETCATALOG_COMPILER_APPICON_NAME = AppIcon;
				ASSETCATALOG_COMPILER_GLOBAL_ACCENT_COLOR_NAME = AccentColor;
				CODE_SIGN_STYLE = Automatic;
				CURRENT_PROJECT_VERSION = 1;
				DEVELOPMENT_ASSET_PATHS = "\"Supermarket/Preview Content\"";
				DEVELOPMENT_TEAM = L2P86F5VNW;
				ENABLE_PREVIEWS = YES;
				GENERATE_INFOPLIST_FILE = YES;
				INFOPLIST_KEY_UIApplicationSceneManifest_Generation = YES;
				INFOPLIST_KEY_UIApplicationSupportsIndirectInputEvents = YES;
				INFOPLIST_KEY_UILaunchScreen_Generation = YES;
				INFOPLIST_KEY_UISupportedInterfaceOrientations_iPad = "UIInterfaceOrientationPortrait UIInterfaceOrientationPortraitUpsideDown UIInterfaceOrientationLandscapeLeft UIInterfaceOrientationLandscapeRight";
				INFOPLIST_KEY_UISupportedInterfaceOrientations_iPhone = "UIInterfaceOrientationPortrait UIInterfaceOrientationLandscapeLeft UIInterfaceOrientationLandscapeRight";
				IPHONEOS_DEPLOYMENT_TARGET = 17.0;
				LD_RUNPATH_SEARCH_PATHS = (
					"$(inherited)",
					"@executable_path/Frameworks",
				);
				MARKETING_VERSION = 1.0;
				PRODUCT_BUNDLE_IDENTIFIER = com.belarrem.Supermarket;
				PRODUCT_NAME = "$(TARGET_NAME)";
				SWIFT_EMIT_LOC_STRINGS = YES;
				SWIFT_VERSION = 5.0;
				TARGETED_DEVICE_FAMILY = "1,2";
			};
			name = Debug;
		};
		B4732CBE2CB9C7C90039A15F /* Release */ = {
			isa = XCBuildConfiguration;
			buildSettings = {
				ASSETCATALOG_COMPILER_APPICON_NAME = AppIcon;
				ASSETCATALOG_COMPILER_GLOBAL_ACCENT_COLOR_NAME = AccentColor;
				CODE_SIGN_STYLE = Automatic;
				CURRENT_PROJECT_VERSION = 1;
				DEVELOPMENT_ASSET_PATHS = "\"Supermarket/Preview Content\"";
				DEVELOPMENT_TEAM = L2P86F5VNW;
				ENABLE_PREVIEWS = YES;
				GENERATE_INFOPLIST_FILE = YES;
				INFOPLIST_KEY_UIApplicationSceneManifest_Generation = YES;
				INFOPLIST_KEY_UIApplicationSupportsIndirectInputEvents = YES;
				INFOPLIST_KEY_UILaunchScreen_Generation = YES;
				INFOPLIST_KEY_UISupportedInterfaceOrientations_iPad = "UIInterfaceOrientationPortrait UIInterfaceOrientationPortraitUpsideDown UIInterfaceOrientationLandscapeLeft UIInterfaceOrientationLandscapeRight";
				INFOPLIST_KEY_UISupportedInterfaceOrientations_iPhone = "UIInterfaceOrientationPortrait UIInterfaceOrientationLandscapeLeft UIInterfaceOrientationLandscapeRight";
				IPHONEOS_DEPLOYMENT_TARGET = 17.0;
				LD_RUNPATH_SEARCH_PATHS = (
					"$(inherited)",
					"@executable_path/Frameworks",
				);
				MARKETING_VERSION = 1.0;
				PRODUCT_BUNDLE_IDENTIFIER = com.belarrem.Supermarket;
				PRODUCT_NAME = "$(TARGET_NAME)";
				SWIFT_EMIT_LOC_STRINGS = YES;
				SWIFT_VERSION = 5.0;
				TARGETED_DEVICE_FAMILY = "1,2";
			};
			name = Release;
		};
		B4732CC02CB9C7C90039A15F /* Debug */ = {
			isa = XCBuildConfiguration;
			buildSettings = {
				BUNDLE_LOADER = "$(TEST_HOST)";
				CODE_SIGN_STYLE = Automatic;
				CURRENT_PROJECT_VERSION = 1;
				DEVELOPMENT_TEAM = L2P86F5VNW;
				GENERATE_INFOPLIST_FILE = YES;
				IPHONEOS_DEPLOYMENT_TARGET = 18.0;
				MARKETING_VERSION = 1.0;
				PRODUCT_BUNDLE_IDENTIFIER = com.belarrem.SupermarketTests;
				PRODUCT_NAME = "$(TARGET_NAME)";
				SWIFT_EMIT_LOC_STRINGS = NO;
				SWIFT_VERSION = 5.0;
				TARGETED_DEVICE_FAMILY = "1,2";
				TEST_HOST = "$(BUILT_PRODUCTS_DIR)/Supermarket.app/$(BUNDLE_EXECUTABLE_FOLDER_PATH)/Supermarket";
			};
			name = Debug;
		};
		B4732CC12CB9C7C90039A15F /* Release */ = {
			isa = XCBuildConfiguration;
			buildSettings = {
				BUNDLE_LOADER = "$(TEST_HOST)";
				CODE_SIGN_STYLE = Automatic;
				CURRENT_PROJECT_VERSION = 1;
				DEVELOPMENT_TEAM = L2P86F5VNW;
				GENERATE_INFOPLIST_FILE = YES;
				IPHONEOS_DEPLOYMENT_TARGET = 18.0;
				MARKETING_VERSION = 1.0;
				PRODUCT_BUNDLE_IDENTIFIER = com.belarrem.SupermarketTests;
				PRODUCT_NAME = "$(TARGET_NAME)";
				SWIFT_EMIT_LOC_STRINGS = NO;
				SWIFT_VERSION = 5.0;
				TARGETED_DEVICE_FAMILY = "1,2";
				TEST_HOST = "$(BUILT_PRODUCTS_DIR)/Supermarket.app/$(BUNDLE_EXECUTABLE_FOLDER_PATH)/Supermarket";
			};
			name = Release;
		};
		B4732CC32CB9C7C90039A15F /* Debug */ = {
			isa = XCBuildConfiguration;
			buildSettings = {
				CODE_SIGN_STYLE = Automatic;
				CURRENT_PROJECT_VERSION = 1;
				DEVELOPMENT_TEAM = L2P86F5VNW;
				GENERATE_INFOPLIST_FILE = YES;
				MARKETING_VERSION = 1.0;
				PRODUCT_BUNDLE_IDENTIFIER = com.belarrem.SupermarketUITests;
				PRODUCT_NAME = "$(TARGET_NAME)";
				SWIFT_EMIT_LOC_STRINGS = NO;
				SWIFT_VERSION = 5.0;
				TARGETED_DEVICE_FAMILY = "1,2";
				TEST_TARGET_NAME = Supermarket;
			};
			name = Debug;
		};
		B4732CC42CB9C7C90039A15F /* Release */ = {
			isa = XCBuildConfiguration;
			buildSettings = {
				CODE_SIGN_STYLE = Automatic;
				CURRENT_PROJECT_VERSION = 1;
				DEVELOPMENT_TEAM = L2P86F5VNW;
				GENERATE_INFOPLIST_FILE = YES;
				MARKETING_VERSION = 1.0;
				PRODUCT_BUNDLE_IDENTIFIER = com.belarrem.SupermarketUITests;
				PRODUCT_NAME = "$(TARGET_NAME)";
				SWIFT_EMIT_LOC_STRINGS = NO;
				SWIFT_VERSION = 5.0;
				TARGETED_DEVICE_FAMILY = "1,2";
				TEST_TARGET_NAME = Supermarket;
			};
			name = Release;
		};
/* End XCBuildConfiguration section */

/* Begin XCConfigurationList section */
		B4732C932CB9C7C80039A15F /* Build configuration list for PBXProject "Supermarket" */ = {
			isa = XCConfigurationList;
			buildConfigurations = (
				B4732CBA2CB9C7C90039A15F /* Debug */,
				B4732CBB2CB9C7C90039A15F /* Release */,
			);
			defaultConfigurationIsVisible = 0;
			defaultConfigurationName = Release;
		};
		B4732CBC2CB9C7C90039A15F /* Build configuration list for PBXNativeTarget "Supermarket" */ = {
			isa = XCConfigurationList;
			buildConfigurations = (
				B4732CBD2CB9C7C90039A15F /* Debug */,
				B4732CBE2CB9C7C90039A15F /* Release */,
			);
			defaultConfigurationIsVisible = 0;
			defaultConfigurationName = Release;
		};
		B4732CBF2CB9C7C90039A15F /* Build configuration list for PBXNativeTarget "SupermarketTests" */ = {
			isa = XCConfigurationList;
			buildConfigurations = (
				B4732CC02CB9C7C90039A15F /* Debug */,
				B4732CC12CB9C7C90039A15F /* Release */,
			);
			defaultConfigurationIsVisible = 0;
			defaultConfigurationName = Release;
		};
		B4732CC22CB9C7C90039A15F /* Build configuration list for PBXNativeTarget "SupermarketUITests" */ = {
			isa = XCConfigurationList;
			buildConfigurations = (
				B4732CC32CB9C7C90039A15F /* Debug */,
				B4732CC42CB9C7C90039A15F /* Release */,
			);
			defaultConfigurationIsVisible = 0;
			defaultConfigurationName = Release;
		};
/* End XCConfigurationList section */
	};
	rootObject = B4732C902CB9C7C80039A15F /* Project object */;
}
